
Microsoft Visual Studio Solution File, Format Version 12.00
# Visual Studio Version 17
VisualStudioVersion = 17.0.31912.275
MinimumVisualStudioVersion = 10.0.40219.1
Project("{FAE04EC0-301F-11D3-BF4B-00C04F79EFBC}") = "ShopProject", "ShopProject\ShopProject.csproj", "{3AF75D1B-E9F2-44F9-A663-01439E0BA0B3}"
EndProject
Project("{FAE04EC0-301F-11D3-BF4B-00C04F79EFBC}") = "TestShop", "TestShop\TestShop.csproj", "{7DF7160D-0B3D-4184-93A3-B191F3E0D4A4}"
EndProject
Global
	GlobalSection(SolutionConfigurationPlatforms) = preSolution
		Debug|Any CPU = Debug|Any CPU
		Release|Any CPU = Release|Any CPU
	EndGlobalSection
	GlobalSection(ProjectConfigurationPlatforms) = postSolution
		{3AF75D1B-E9F2-44F9-A663-01439E0BA0B3}.Debug|Any CPU.ActiveCfg = Debug|Any CPU
		{3AF75D1B-E9F2-44F9-A663-01439E0BA0B3}.Debug|Any CPU.Build.0 = Debug|Any CPU
		{3AF75D1B-E9F2-44F9-A663-01439E0BA0B3}.Release|Any CPU.ActiveCfg = Release|Any CPU
		{3AF75D1B-E9F2-44F9-A663-01439E0BA0B3}.Release|Any CPU.Build.0 = Release|Any CPU
		{7DF7160D-0B3D-4184-93A3-B191F3E0D4A4}.Debug|Any CPU.ActiveCfg = Debug|Any CPU
		{7DF7160D-0B3D-4184-93A3-B191F3E0D4A4}.Debug|Any CPU.Build.0 = Debug|Any CPU
		{7DF7160D-0B3D-4184-93A3-B191F3E0D4A4}.Release|Any CPU.ActiveCfg = Release|Any CPU
		{7DF7160D-0B3D-4184-93A3-B191F3E0D4A4}.Release|Any CPU.Build.0 = Release|Any CPU
	EndGlobalSection
	GlobalSection(SolutionProperties) = preSolution
		HideSolutionNode = FALSE
	EndGlobalSection
	GlobalSection(ExtensibilityGlobals) = postSolution
		SolutionGuid = {96699EFB-DA8E-4B12-AFC8-EF4370211EA0}
	EndGlobalSection
EndGlobal
