
Microsoft Visual Studio Solution File, Format Version 12.00
# Visual Studio Version 16
VisualStudioVersion = 16.0.31729.503
MinimumVisualStudioVersion = 10.0.40219.1
Project("{9A19103F-16F7-4668-BE54-9A1E7A4F7556}") = "DrawWinApp", "DrawWinApp.csproj", "{C9FE9BDA-974E-46C3-9779-8700EE6F7F68}"
EndProject
Project("{9A19103F-16F7-4668-BE54-9A1E7A4F7556}") = "BaseLib", "..\BaseLib\BaseLib.csproj", "{1EAA79C1-9220-4774-9988-E492370CBF4A}"
EndProject
Project("{9A19103F-16F7-4668-BE54-9A1E7A4F7556}") = "Base.WinForms", "..\Base.WinForms\Base.WinForms.csproj", "{DA8D3A6E-A416-4001-8449-75047E797B71}"
EndProject
Project("{9A19103F-16F7-4668-BE54-9A1E7A4F7556}") = "ShapeLib", "..\ShapeLib\ShapeLib.csproj", "{CF46DE46-1AE0-4145-BDFB-FAB265479F9E}"
EndProject
Global
	GlobalSection(SolutionConfigurationPlatforms) = preSolution
		Debug|Any CPU = Debug|Any CPU
		Release|Any CPU = Release|Any CPU
	EndGlobalSection
	GlobalSection(ProjectConfigurationPlatforms) = postSolution
		{C9FE9BDA-974E-46C3-9779-8700EE6F7F68}.Debug|Any CPU.ActiveCfg = Debug|Any CPU
		{C9FE9BDA-974E-46C3-9779-8700EE6F7F68}.Debug|Any CPU.Build.0 = Debug|Any CPU
		{C9FE9BDA-974E-46C3-9779-8700EE6F7F68}.Release|Any CPU.ActiveCfg = Release|Any CPU
		{C9FE9BDA-974E-46C3-9779-8700EE6F7F68}.Release|Any CPU.Build.0 = Release|Any CPU
		{1EAA79C1-9220-4774-9988-E492370CBF4A}.Debug|Any CPU.ActiveCfg = Debug|Any CPU
		{1EAA79C1-9220-4774-9988-E492370CBF4A}.Debug|Any CPU.Build.0 = Debug|Any CPU
		{1EAA79C1-9220-4774-9988-E492370CBF4A}.Release|Any CPU.ActiveCfg = Release|Any CPU
		{1EAA79C1-9220-4774-9988-E492370CBF4A}.Release|Any CPU.Build.0 = Release|Any CPU
		{DA8D3A6E-A416-4001-8449-75047E797B71}.Debug|Any CPU.ActiveCfg = Debug|Any CPU
		{DA8D3A6E-A416-4001-8449-75047E797B71}.Debug|Any CPU.Build.0 = Debug|Any CPU
		{DA8D3A6E-A416-4001-8449-75047E797B71}.Release|Any CPU.ActiveCfg = Release|Any CPU
		{DA8D3A6E-A416-4001-8449-75047E797B71}.Release|Any CPU.Build.0 = Release|Any CPU
		{CF46DE46-1AE0-4145-BDFB-FAB265479F9E}.Debug|Any CPU.ActiveCfg = Debug|Any CPU
		{CF46DE46-1AE0-4145-BDFB-FAB265479F9E}.Debug|Any CPU.Build.0 = Debug|Any CPU
		{CF46DE46-1AE0-4145-BDFB-FAB265479F9E}.Release|Any CPU.ActiveCfg = Release|Any CPU
		{CF46DE46-1AE0-4145-BDFB-FAB265479F9E}.Release|Any CPU.Build.0 = Release|Any CPU
	EndGlobalSection
	GlobalSection(SolutionProperties) = preSolution
		HideSolutionNode = FALSE
	EndGlobalSection
	GlobalSection(ExtensibilityGlobals) = postSolution
		SolutionGuid = {9FF3FEFC-08C1-40F8-9283-A9FEFF60E6D0}
	EndGlobalSection
EndGlobal
