
Microsoft Visual Studio Solution File, Format Version 12.00
# Visual Studio Version 17
VisualStudioVersion = 17.0.31912.275
MinimumVisualStudioVersion = 10.0.40219.1
Project("{FAE04EC0-301F-11D3-BF4B-00C04F79EFBC}") = "LinkedList", "LinkedList\LinkedList.csproj", "{622C0739-6A4B-4B3C-9161-FF9F1DD29E5F}"
EndProject
Global
	GlobalSection(SolutionConfigurationPlatforms) = preSolution
		Debug|Any CPU = Debug|Any CPU
		Release|Any CPU = Release|Any CPU
	EndGlobalSection
	GlobalSection(ProjectConfigurationPlatforms) = postSolution
		{622C0739-6A4B-4B3C-9161-FF9F1DD29E5F}.Debug|Any CPU.ActiveCfg = Debug|Any CPU
		{622C0739-6A4B-4B3C-9161-FF9F1DD29E5F}.Debug|Any CPU.Build.0 = Debug|Any CPU
		{622C0739-6A4B-4B3C-9161-FF9F1DD29E5F}.Release|Any CPU.ActiveCfg = Release|Any CPU
		{622C0739-6A4B-4B3C-9161-FF9F1DD29E5F}.Release|Any CPU.Build.0 = Release|Any CPU
	EndGlobalSection
	GlobalSection(SolutionProperties) = preSolution
		HideSolutionNode = FALSE
	EndGlobalSection
	GlobalSection(ExtensibilityGlobals) = postSolution
		SolutionGuid = {3C53E9FC-F87D-4E31-A311-1A0F97D54A22}
	EndGlobalSection
EndGlobal
