
Microsoft Visual Studio Solution File, Format Version 12.00
# Visual Studio Version 16
VisualStudioVersion = 16.0.30621.155
MinimumVisualStudioVersion = 10.0.40219.1
Project("{FAE04EC0-301F-11D3-BF4B-00C04F79EFBC}") = "Tree", "Tree\Tree.csproj", "{9DE41B9C-852E-44B0-A576-876077CE5429}"
EndProject
Global
	GlobalSection(SolutionConfigurationPlatforms) = preSolution
		Debug|Any CPU = Debug|Any CPU
		Release|Any CPU = Release|Any CPU
	EndGlobalSection
	GlobalSection(ProjectConfigurationPlatforms) = postSolution
		{9DE41B9C-852E-44B0-A576-876077CE5429}.Debug|Any CPU.ActiveCfg = Debug|Any CPU
		{9DE41B9C-852E-44B0-A576-876077CE5429}.Debug|Any CPU.Build.0 = Debug|Any CPU
		{9DE41B9C-852E-44B0-A576-876077CE5429}.Release|Any CPU.ActiveCfg = Release|Any CPU
		{9DE41B9C-852E-44B0-A576-876077CE5429}.Release|Any CPU.Build.0 = Release|Any CPU
	EndGlobalSection
	GlobalSection(SolutionProperties) = preSolution
		HideSolutionNode = FALSE
	EndGlobalSection
	GlobalSection(ExtensibilityGlobals) = postSolution
		SolutionGuid = {FD0F3224-DABE-4362-B860-FAE404AE11A2}
	EndGlobalSection
EndGlobal
