
Microsoft Visual Studio Solution File, Format Version 12.00
# Visual Studio Version 16
VisualStudioVersion = 16.0.31729.503
MinimumVisualStudioVersion = 10.0.40219.1
Project("{FAE04EC0-301F-11D3-BF4B-00C04F79EFBC}") = "ShapeLib", "ShapeLib.csproj", "{F2AFC168-C6A0-43E9-96CE-067440949FF4}"
EndProject
Project("{FAE04EC0-301F-11D3-BF4B-00C04F79EFBC}") = "ShapeDemo", "..\ShapeDemo\ShapeDemo.csproj", "{849CC7DA-137A-4988-B70B-11013960AB41}"
EndProject
Global
	GlobalSection(SolutionConfigurationPlatforms) = preSolution
		Debug|Any CPU = Debug|Any CPU
		Release|Any CPU = Release|Any CPU
	EndGlobalSection
	GlobalSection(ProjectConfigurationPlatforms) = postSolution
		{F2AFC168-C6A0-43E9-96CE-067440949FF4}.Debug|Any CPU.ActiveCfg = Debug|Any CPU
		{F2AFC168-C6A0-43E9-96CE-067440949FF4}.Debug|Any CPU.Build.0 = Debug|Any CPU
		{F2AFC168-C6A0-43E9-96CE-067440949FF4}.Release|Any CPU.ActiveCfg = Release|Any CPU
		{F2AFC168-C6A0-43E9-96CE-067440949FF4}.Release|Any CPU.Build.0 = Release|Any CPU
		{849CC7DA-137A-4988-B70B-11013960AB41}.Debug|Any CPU.ActiveCfg = Debug|Any CPU
		{849CC7DA-137A-4988-B70B-11013960AB41}.Debug|Any CPU.Build.0 = Debug|Any CPU
		{849CC7DA-137A-4988-B70B-11013960AB41}.Release|Any CPU.ActiveCfg = Release|Any CPU
		{849CC7DA-137A-4988-B70B-11013960AB41}.Release|Any CPU.Build.0 = Release|Any CPU
	EndGlobalSection
	GlobalSection(SolutionProperties) = preSolution
		HideSolutionNode = FALSE
	EndGlobalSection
	GlobalSection(ExtensibilityGlobals) = postSolution
		SolutionGuid = {1DB14484-2530-4BAC-85B1-6F5759E21218}
	EndGlobalSection
EndGlobal
