
Microsoft Visual Studio Solution File, Format Version 12.00
# Visual Studio Version 17
VisualStudioVersion = 17.0.32014.148
MinimumVisualStudioVersion = 10.0.40219.1
Project("{FAE04EC0-301F-11D3-BF4B-00C04F79EFBC}") = "SchoolFile", "SchoolFile\SchoolFile.csproj", "{B84D9EBF-B05C-4B08-8769-976CC3E01EB9}"
EndProject
Global
	GlobalSection(SolutionConfigurationPlatforms) = preSolution
		Debug|Any CPU = Debug|Any CPU
		Release|Any CPU = Release|Any CPU
	EndGlobalSection
	GlobalSection(ProjectConfigurationPlatforms) = postSolution
		{B84D9EBF-B05C-4B08-8769-976CC3E01EB9}.Debug|Any CPU.ActiveCfg = Debug|Any CPU
		{B84D9EBF-B05C-4B08-8769-976CC3E01EB9}.Debug|Any CPU.Build.0 = Debug|Any CPU
		{B84D9EBF-B05C-4B08-8769-976CC3E01EB9}.Release|Any CPU.ActiveCfg = Release|Any CPU
		{B84D9EBF-B05C-4B08-8769-976CC3E01EB9}.Release|Any CPU.Build.0 = Release|Any CPU
	EndGlobalSection
	GlobalSection(SolutionProperties) = preSolution
		HideSolutionNode = FALSE
	EndGlobalSection
	GlobalSection(ExtensibilityGlobals) = postSolution
		SolutionGuid = {60EE2B0B-56AA-46C9-ADE1-258B2B78E6DC}
	EndGlobalSection
EndGlobal
