
Microsoft Visual Studio Solution File, Format Version 12.00
# Visual Studio Version 17
VisualStudioVersion = 17.0.32014.148
MinimumVisualStudioVersion = 10.0.40219.1
Project("{FAE04EC0-301F-11D3-BF4B-00C04F79EFBC}") = "BinTree", "BinTree.csproj", "{76296A28-B748-4FBF-AA8B-159E9AF402B3}"
EndProject
Global
	GlobalSection(SolutionConfigurationPlatforms) = preSolution
		Debug|Any CPU = Debug|Any CPU
		Release|Any CPU = Release|Any CPU
	EndGlobalSection
	GlobalSection(ProjectConfigurationPlatforms) = postSolution
		{76296A28-B748-4FBF-AA8B-159E9AF402B3}.Debug|Any CPU.ActiveCfg = Debug|Any CPU
		{76296A28-B748-4FBF-AA8B-159E9AF402B3}.Debug|Any CPU.Build.0 = Debug|Any CPU
		{76296A28-B748-4FBF-AA8B-159E9AF402B3}.Release|Any CPU.ActiveCfg = Release|Any CPU
		{76296A28-B748-4FBF-AA8B-159E9AF402B3}.Release|Any CPU.Build.0 = Release|Any CPU
	EndGlobalSection
	GlobalSection(SolutionProperties) = preSolution
		HideSolutionNode = FALSE
	EndGlobalSection
	GlobalSection(ExtensibilityGlobals) = postSolution
		SolutionGuid = {9849AD66-869C-47C6-82C2-6FCC8C55F73E}
	EndGlobalSection
EndGlobal
