
Microsoft Visual Studio Solution File, Format Version 12.00
# Visual Studio Version 16
VisualStudioVersion = 16.0.31729.503
MinimumVisualStudioVersion = 10.0.40219.1
Project("{9A19103F-16F7-4668-BE54-9A1E7A4F7556}") = "BaseLib", "BaseLib.csproj", "{B62E4687-E189-49D3-9CEF-4816C3153B9D}"
EndProject
Project("{9A19103F-16F7-4668-BE54-9A1E7A4F7556}") = "ShapeLib", "..\ShapeLib\ShapeLib.csproj", "{BD21B35E-0156-4851-9F92-F3C4AFDE186D}"
EndProject
Project("{9A19103F-16F7-4668-BE54-9A1E7A4F7556}") = "DrawWinApp", "..\DrawWinApp\DrawWinApp.csproj", "{59EE575F-A428-4D6D-856E-9A2492647B96}"
EndProject
Project("{9A19103F-16F7-4668-BE54-9A1E7A4F7556}") = "Base.WinForms", "..\Base.WinForms\Base.WinForms.csproj", "{082E4A9A-E2C7-474A-ACC8-234E4A330359}"
EndProject
Global
	GlobalSection(SolutionConfigurationPlatforms) = preSolution
		Debug|Any CPU = Debug|Any CPU
		Release|Any CPU = Release|Any CPU
	EndGlobalSection
	GlobalSection(ProjectConfigurationPlatforms) = postSolution
		{B62E4687-E189-49D3-9CEF-4816C3153B9D}.Debug|Any CPU.ActiveCfg = Debug|Any CPU
		{B62E4687-E189-49D3-9CEF-4816C3153B9D}.Debug|Any CPU.Build.0 = Debug|Any CPU
		{B62E4687-E189-49D3-9CEF-4816C3153B9D}.Release|Any CPU.ActiveCfg = Release|Any CPU
		{B62E4687-E189-49D3-9CEF-4816C3153B9D}.Release|Any CPU.Build.0 = Release|Any CPU
		{BD21B35E-0156-4851-9F92-F3C4AFDE186D}.Debug|Any CPU.ActiveCfg = Debug|Any CPU
		{BD21B35E-0156-4851-9F92-F3C4AFDE186D}.Debug|Any CPU.Build.0 = Debug|Any CPU
		{BD21B35E-0156-4851-9F92-F3C4AFDE186D}.Release|Any CPU.ActiveCfg = Release|Any CPU
		{BD21B35E-0156-4851-9F92-F3C4AFDE186D}.Release|Any CPU.Build.0 = Release|Any CPU
		{59EE575F-A428-4D6D-856E-9A2492647B96}.Debug|Any CPU.ActiveCfg = Debug|Any CPU
		{59EE575F-A428-4D6D-856E-9A2492647B96}.Debug|Any CPU.Build.0 = Debug|Any CPU
		{59EE575F-A428-4D6D-856E-9A2492647B96}.Release|Any CPU.ActiveCfg = Release|Any CPU
		{59EE575F-A428-4D6D-856E-9A2492647B96}.Release|Any CPU.Build.0 = Release|Any CPU
		{082E4A9A-E2C7-474A-ACC8-234E4A330359}.Debug|Any CPU.ActiveCfg = Debug|Any CPU
		{082E4A9A-E2C7-474A-ACC8-234E4A330359}.Debug|Any CPU.Build.0 = Debug|Any CPU
		{082E4A9A-E2C7-474A-ACC8-234E4A330359}.Release|Any CPU.ActiveCfg = Release|Any CPU
		{082E4A9A-E2C7-474A-ACC8-234E4A330359}.Release|Any CPU.Build.0 = Release|Any CPU
	EndGlobalSection
	GlobalSection(SolutionProperties) = preSolution
		HideSolutionNode = FALSE
	EndGlobalSection
	GlobalSection(ExtensibilityGlobals) = postSolution
		SolutionGuid = {218B480D-ADC3-4812-9A30-DBBDA1966759}
	EndGlobalSection
EndGlobal
